// !$*UTF8*$!
{
	archiveVersion = 1;
	classes = {
	};
	objectVersion = 50;
	objects = {

/* Begin PBXBuildFile section */
		BC552441258F5D6500EECA4E /* AppDelegate.swift in Sources */ = {isa = PBXBuildFile; fileRef = BC552440258F5D6500EECA4E /* AppDelegate.swift */; };
		BC552443258F5D6500EECA4E /* SceneDelegate.swift in Sources */ = {isa = PBXBuildFile; fileRef = BC552442258F5D6500EECA4E /* SceneDelegate.swift */; };
		BC552445258F5D6500EECA4E /* ViewController.swift in Sources */ = {isa = PBXBuildFile; fileRef = BC552444258F5D6500EECA4E /* ViewController.swift */; };
		BC552448258F5D6500EECA4E /* Main.storyboard in Resources */ = {isa = PBXBuildFile; fileRef = BC552446258F5D6500EECA4E /* Main.storyboard */; };
		BC55244A258F5D6700EECA4E /* Assets.xcassets in Resources */ = {isa = PBXBuildFile; fileRef = BC552449258F5D6700EECA4E /* Assets.xcassets */; };
		BC55244D258F5D6700EECA4E /* LaunchScreen.storyboard in Resources */ = {isa = PBXBuildFile; fileRef = BC55244B258F5D6700EECA4E /* LaunchScreen.storyboard */; };
		BC552458258F5D6700EECA4E /* XCTestDemoTests.swift in Sources */ = {isa = PBXBuildFile; fileRef = BC552457258F5D6700EECA4E /* XCTestDemoTests.swift */; };
		BC552463258F5D6800EECA4E /* XCTestDemoUITests.swift in Sources */ = {isa = PBXBuildFile; fileRef = BC552462258F5D6800EECA4E /* XCTestDemoUITests.swift */; };
		BC55247D258F82D300EECA4E /* GJNormalTests.swift in Sources */ = {isa = PBXBuildFile; fileRef = BC55247C258F82D300EECA4E /* GJNormalTests.swift */; };
		BC55248A258F831500EECA4E /* GJAsynTests.swift in Sources */ = {isa = PBXBuildFile; fileRef = BC552489258F831500EECA4E /* GJAsynTests.swift */; };
		BC55248F258F8E4300EECA4E /* GJPerformanceTests.swift in Sources */ = {isa = PBXBuildFile; fileRef = BC55248E258F8E4300EECA4E /* GJPerformanceTests.swift */; };
		BC552494258F91BB00EECA4E /* testDemo.json in Resources */ = {isa = PBXBuildFile; fileRef = BC552493258F91BB00EECA4E /* testDemo.json */; };
/* End PBXBuildFile section */

/* Begin PBXContainerItemProxy section */
		BC552454258F5D6700EECA4E /* PBXContainerItemProxy */ = {
			isa = PBXContainerItemProxy;
			containerPortal = BC552435258F5D6500EECA4E /* Project object */;
			proxyType = 1;
			remoteGlobalIDString = BC55243C258F5D6500EECA4E;
			remoteInfo = XCTestDemo;
		};
		BC55245F258F5D6700EECA4E /* PBXContainerItemProxy */ = {
			isa = PBXContainerItemProxy;
			containerPortal = BC552435258F5D6500EECA4E /* Project object */;
			proxyType = 1;
			remoteGlobalIDString = BC55243C258F5D6500EECA4E;
			remoteInfo = XCTestDemo;
		};
/* End PBXContainerItemProxy section */

/* Begin PBXFileReference section */
		BC55243D258F5D6500EECA4E /* XCTestDemo.app */ = {isa = PBXFileReference; explicitFileType = wrapper.application; includeInIndex = 0; path = XCTestDemo.app; sourceTree = BUILT_PRODUCTS_DIR; };
		BC552440258F5D6500EECA4E /* AppDelegate.swift */ = {isa = PBXFileReference; lastKnownFileType = sourcecode.swift; path = AppDelegate.swift; sourceTree = "<group>"; };
		BC552442258F5D6500EECA4E /* SceneDelegate.swift */ = {isa = PBXFileReference; lastKnownFileType = sourcecode.swift; path = SceneDelegate.swift; sourceTree = "<group>"; };
		BC552444258F5D6500EECA4E /* ViewController.swift */ = {isa = PBXFileReference; lastKnownFileType = sourcecode.swift; path = ViewController.swift; sourceTree = "<group>"; };
		BC552447258F5D6500EECA4E /* Base */ = {isa = PBXFileReference; lastKnownFileType = file.storyboard; name = Base; path = Base.lproj/Main.storyboard; sourceTree = "<group>"; };
		BC552449258F5D6700EECA4E /* Assets.xcassets */ = {isa = PBXFileReference; lastKnownFileType = folder.assetcatalog; path = Assets.xcassets; sourceTree = "<group>"; };
		BC55244C258F5D6700EECA4E /* Base */ = {isa = PBXFileReference; lastKnownFileType = file.storyboard; name = Base; path = Base.lproj/LaunchScreen.storyboard; sourceTree = "<group>"; };
		BC55244E258F5D6700EECA4E /* Info.plist */ = {isa = PBXFileReference; lastKnownFileType = text.plist.xml; path = Info.plist; sourceTree = "<group>"; };
		BC552453258F5D6700EECA4E /* XCTestDemoTests.xctest */ = {isa = PBXFileReference; explicitFileType = wrapper.cfbundle; includeInIndex = 0; path = XCTestDemoTests.xctest; sourceTree = BUILT_PRODUCTS_DIR; };
		BC552457258F5D6700EECA4E /* XCTestDemoTests.swift */ = {isa = PBXFileReference; lastKnownFileType = sourcecode.swift; path = XCTestDemoTests.swift; sourceTree = "<group>"; };
		BC552459258F5D6700EECA4E /* Info.plist */ = {isa = PBXFileReference; lastKnownFileType = text.plist.xml; path = Info.plist; sourceTree = "<group>"; };
		BC55245E258F5D6700EECA4E /* XCTestDemoUITests.xctest */ = {isa = PBXFileReference; explicitFileType = wrapper.cfbundle; includeInIndex = 0; path = XCTestDemoUITests.xctest; sourceTree = BUILT_PRODUCTS_DIR; };
		BC552462258F5D6800EECA4E /* XCTestDemoUITests.swift */ = {isa = PBXFileReference; lastKnownFileType = sourcecode.swift; path = XCTestDemoUITests.swift; sourceTree = "<group>"; };
		BC552464258F5D6800EECA4E /* Info.plist */ = {isa = PBXFileReference; lastKnownFileType = text.plist.xml; path = Info.plist; sourceTree = "<group>"; };
		BC55247C258F82D300EECA4E /* GJNormalTests.swift */ = {isa = PBXFileReference; lastKnownFileType = sourcecode.swift; path = GJNormalTests.swift; sourceTree = "<group>"; };
		BC552489258F831500EECA4E /* GJAsynTests.swift */ = {isa = PBXFileReference; lastKnownFileType = sourcecode.swift; path = GJAsynTests.swift; sourceTree = "<group>"; };
		BC55248E258F8E4300EECA4E /* GJPerformanceTests.swift */ = {isa = PBXFileReference; lastKnownFileType = sourcecode.swift; path = GJPerformanceTests.swift; sourceTree = "<group>"; };
		BC552493258F91BB00EECA4E /* testDemo.json */ = {isa = PBXFileReference; fileEncoding = 4; lastKnownFileType = text.json; path = testDemo.json; sourceTree = "<group>"; };
/* End PBXFileReference section */

/* Begin PBXFrameworksBuildPhase section */
		BC55243A258F5D6500EECA4E /* Frameworks */ = {
			isa = PBXFrameworksBuildPhase;
			buildActionMask = 2147483647;
			files = (
			);
			runOnlyForDeploymentPostprocessing = 0;
		};
		BC552450258F5D6700EECA4E /* Frameworks */ = {
			isa = PBXFrameworksBuildPhase;
			buildActionMask = 2147483647;
			files = (
			);
			runOnlyForDeploymentPostprocessing = 0;
		};
		BC55245B258F5D6700EECA4E /* Frameworks */ = {
			isa = PBXFrameworksBuildPhase;
			buildActionMask = 2147483647;
			files = (
			);
			runOnlyForDeploymentPostprocessing = 0;
		};
/* End PBXFrameworksBuildPhase section */

/* Begin PBXGroup section */
		BC552434258F5D6500EECA4E = {
			isa = PBXGroup;
			children = (
				BC55243F258F5D6500EECA4E /* XCTestDemo */,
				BC552456258F5D6700EECA4E /* XCTestDemoTests */,
				BC552461258F5D6700EECA4E /* XCTestDemoUITests */,
				BC55243E258F5D6500EECA4E /* Products */,
			);
			sourceTree = "<group>";
		};
		BC55243E258F5D6500EECA4E /* Products */ = {
			isa = PBXGroup;
			children = (
				BC55243D258F5D6500EECA4E /* XCTestDemo.app */,
				BC552453258F5D6700EECA4E /* XCTestDemoTests.xctest */,
				BC55245E258F5D6700EECA4E /* XCTestDemoUITests.xctest */,
			);
			name = Products;
			sourceTree = "<group>";
		};
		BC55243F258F5D6500EECA4E /* XCTestDemo */ = {
			isa = PBXGroup;
			children = (
				BC552440258F5D6500EECA4E /* AppDelegate.swift */,
				BC552442258F5D6500EECA4E /* SceneDelegate.swift */,
				BC552444258F5D6500EECA4E /* ViewController.swift */,
				BC552446258F5D6500EECA4E /* Main.storyboard */,
				BC552449258F5D6700EECA4E /* Assets.xcassets */,
				BC55244B258F5D6700EECA4E /* LaunchScreen.storyboard */,
				BC55244E258F5D6700EECA4E /* Info.plist */,
			);
			path = XCTestDemo;
			sourceTree = "<group>";
		};
		BC552456258F5D6700EECA4E /* XCTestDemoTests */ = {
			isa = PBXGroup;
			children = (
				BC552493258F91BB00EECA4E /* testDemo.json */,
				BC552457258F5D6700EECA4E /* XCTestDemoTests.swift */,
				BC552459258F5D6700EECA4E /* Info.plist */,
				BC55247C258F82D300EECA4E /* GJNormalTests.swift */,
				BC552489258F831500EECA4E /* GJAsynTests.swift */,
				BC55248E258F8E4300EECA4E /* GJPerformanceTests.swift */,
			);
			path = XCTestDemoTests;
			sourceTree = "<group>";
		};
		BC552461258F5D6700EECA4E /* XCTestDemoUITests */ = {
			isa = PBXGroup;
			children = (
				BC552462258F5D6800EECA4E /* XCTestDemoUITests.swift */,
				BC552464258F5D6800EECA4E /* Info.plist */,
			);
			path = XCTestDemoUITests;
			sourceTree = "<group>";
		};
/* End PBXGroup section */

/* Begin PBXNativeTarget section */
		BC55243C258F5D6500EECA4E /* XCTestDemo */ = {
			isa = PBXNativeTarget;
			buildConfigurationList = BC552467258F5D6800EECA4E /* Build configuration list for PBXNativeTarget "XCTestDemo" */;
			buildPhases = (
				BC552439258F5D6500EECA4E /* Sources */,
				BC55243A258F5D6500EECA4E /* Frameworks */,
				BC55243B258F5D6500EECA4E /* Resources */,
			);
			buildRules = (
			);
			dependencies = (
			);
			name = XCTestDemo;
			productName = XCTestDemo;
			productReference = BC55243D258F5D6500EECA4E /* XCTestDemo.app */;
			productType = "com.apple.product-type.application";
		};
		BC552452258F5D6700EECA4E /* XCTestDemoTests */ = {
			isa = PBXNativeTarget;
			buildConfigurationList = BC55246A258F5D6800EECA4E /* Build configuration list for PBXNativeTarget "XCTestDemoTests" */;
			buildPhases = (
				BC55244F258F5D6700EECA4E /* Sources */,
				BC552450258F5D6700EECA4E /* Frameworks */,
				BC552451258F5D6700EECA4E /* Resources */,
			);
			buildRules = (
			);
			dependencies = (
				BC552455258F5D6700EECA4E /* PBXTargetDependency */,
			);
			name = XCTestDemoTests;
			productName = XCTestDemoTests;
			productReference = BC552453258F5D6700EECA4E /* XCTestDemoTests.xctest */;
			productType = "com.apple.product-type.bundle.unit-test";
		};
		BC55245D258F5D6700EECA4E /* XCTestDemoUITests */ = {
			isa = PBXNativeTarget;
			buildConfigurationList = BC55246D258F5D6800EECA4E /* Build configuration list for PBXNativeTarget "XCTestDemoUITests" */;
			buildPhases = (
				BC55245A258F5D6700EECA4E /* Sources */,
				BC55245B258F5D6700EECA4E /* Frameworks */,
				BC55245C258F5D6700EECA4E /* Resources */,
			);
			buildRules = (
			);
			dependencies = (
				BC552460258F5D6700EECA4E /* PBXTargetDependency */,
			);
			name = XCTestDemoUITests;
			productName = XCTestDemoUITests;
			productReference = BC55245E258F5D6700EECA4E /* XCTestDemoUITests.xctest */;
			productType = "com.apple.product-type.bundle.ui-testing";
		};
/* End PBXNativeTarget section */

/* Begin PBXProject section */
		BC552435258F5D6500EECA4E /* Project object */ = {
			isa = PBXProject;
			attributes = {
				LastSwiftUpdateCheck = 1230;
				LastUpgradeCheck = 1230;
				TargetAttributes = {
					BC55243C258F5D6500EECA4E = {
						CreatedOnToolsVersion = 12.3;
					};
					BC552452258F5D6700EECA4E = {
						CreatedOnToolsVersion = 12.3;
						TestTargetID = BC55243C258F5D6500EECA4E;
					};
					BC55245D258F5D6700EECA4E = {
						CreatedOnToolsVersion = 12.3;
						TestTargetID = BC55243C258F5D6500EECA4E;
					};
				};
			};
			buildConfigurationList = BC552438258F5D6500EECA4E /* Build configuration list for PBXProject "XCTestDemo" */;
			compatibilityVersion = "Xcode 9.3";
			developmentRegion = en;
			hasScannedForEncodings = 0;
			knownRegions = (
				en,
				Base,
			);
			mainGroup = BC552434258F5D6500EECA4E;
			productRefGroup = BC55243E258F5D6500EECA4E /* Products */;
			projectDirPath = "";
			projectRoot = "";
			targets = (
				BC55243C258F5D6500EECA4E /* XCTestDemo */,
				BC552452258F5D6700EECA4E /* XCTestDemoTests */,
				BC55245D258F5D6700EECA4E /* XCTestDemoUITests */,
			);
		};
/* End PBXProject section */

/* Begin PBXResourcesBuildPhase section */
		BC55243B258F5D6500EECA4E /* Resources */ = {
			isa = PBXResourcesBuildPhase;
			buildActionMask = 2147483647;
			files = (
				BC55244D258F5D6700EECA4E /* LaunchScreen.storyboard in Resources */,
				BC55244A258F5D6700EECA4E /* Assets.xcassets in Resources */,
				BC552448258F5D6500EECA4E /* Main.storyboard in Resources */,
			);
			runOnlyForDeploymentPostprocessing = 0;
		};
		BC552451258F5D6700EECA4E /* Resources */ = {
			isa = PBXResourcesBuildPhase;
			buildActionMask = 2147483647;
			files = (
				BC552494258F91BB00EECA4E /* testDemo.json in Resources */,
			);
			runOnlyForDeploymentPostprocessing = 0;
		};
		BC55245C258F5D6700EECA4E /* Resources */ = {
			isa = PBXResourcesBuildPhase;
			buildActionMask = 2147483647;
			files = (
			);
			runOnlyForDeploymentPostprocessing = 0;
		};
/* End PBXResourcesBuildPhase section */

/* Begin PBXSourcesBuildPhase section */
		BC552439258F5D6500EECA4E /* Sources */ = {
			isa = PBXSourcesBuildPhase;
			buildActionMask = 2147483647;
			files = (
				BC552445258F5D6500EECA4E /* ViewController.swift in Sources */,
				BC552441258F5D6500EECA4E /* AppDelegate.swift in Sources */,
				BC552443258F5D6500EECA4E /* SceneDelegate.swift in Sources */,
			);
			runOnlyForDeploymentPostprocessing = 0;
		};
		BC55244F258F5D6700EECA4E /* Sources */ = {
			isa = PBXSourcesBuildPhase;
			buildActionMask = 2147483647;
			files = (
				BC55248A258F831500EECA4E /* GJAsynTests.swift in Sources */,
				BC55248F258F8E4300EECA4E /* GJPerformanceTests.swift in Sources */,
				BC552458258F5D6700EECA4E /* XCTestDemoTests.swift in Sources */,
				BC55247D258F82D300EECA4E /* GJNormalTests.swift in Sources */,
			);
			runOnlyForDeploymentPostprocessing = 0;
		};
		BC55245A258F5D6700EECA4E /* Sources */ = {
			isa = PBXSourcesBuildPhase;
			buildActionMask = 2147483647;
			files = (
				BC552463258F5D6800EECA4E /* XCTestDemoUITests.swift in Sources */,
			);
			runOnlyForDeploymentPostprocessing = 0;
		};
/* End PBXSourcesBuildPhase section */

/* Begin PBXTargetDependency section */
		BC552455258F5D6700EECA4E /* PBXTargetDependency */ = {
			isa = PBXTargetDependency;
			target = BC55243C258F5D6500EECA4E /* XCTestDemo */;
			targetProxy = BC552454258F5D6700EECA4E /* PBXContainerItemProxy */;
		};
		BC552460258F5D6700EECA4E /* PBXTargetDependency */ = {
			isa = PBXTargetDependency;
			target = BC55243C258F5D6500EECA4E /* XCTestDemo */;
			targetProxy = BC55245F258F5D6700EECA4E /* PBXContainerItemProxy */;
		};
/* End PBXTargetDependency section */

/* Begin PBXVariantGroup section */
		BC552446258F5D6500EECA4E /* Main.storyboard */ = {
			isa = PBXVariantGroup;
			children = (
				BC552447258F5D6500EECA4E /* Base */,
			);
			name = Main.storyboard;
			sourceTree = "<group>";
		};
		BC55244B258F5D6700EECA4E /* LaunchScreen.storyboard */ = {
			isa = PBXVariantGroup;
			children = (
				BC55244C258F5D6700EECA4E /* Base */,
			);
			name = LaunchScreen.storyboard;
			sourceTree = "<group>";
		};
/* End PBXVariantGroup section */

/* Begin XCBuildConfiguration section */
		BC552465258F5D6800EECA4E /* Debug */ = {
			isa = XCBuildConfiguration;
			buildSettings = {
				ALWAYS_SEARCH_USER_PATHS = NO;
				CLANG_ANALYZER_NONNULL = YES;
				CLANG_ANALYZER_NUMBER_OBJECT_CONVERSION = YES_AGGRESSIVE;
				CLANG_CXX_LANGUAGE_STANDARD = "gnu++14";
				CLANG_CXX_LIBRARY = "libc++";
				CLANG_ENABLE_MODULES = YES;
				CLANG_ENABLE_OBJC_ARC = YES;
				CLANG_ENABLE_OBJC_WEAK = YES;
				CLANG_WARN_BLOCK_CAPTURE_AUTORELEASING = YES;
				CLANG_WARN_BOOL_CONVERSION = YES;
				CLANG_WARN_COMMA = YES;
				CLANG_WARN_CONSTANT_CONVERSION = YES;
				CLANG_WARN_DEPRECATED_OBJC_IMPLEMENTATIONS = YES;
				CLANG_WARN_DIRECT_OBJC_ISA_USAGE = YES_ERROR;
				CLANG_WARN_DOCUMENTATION_COMMENTS = YES;
				CLANG_WARN_EMPTY_BODY = YES;
				CLANG_WARN_ENUM_CONVERSION = YES;
				CLANG_WARN_INFINITE_RECURSION = YES;
				CLANG_WARN_INT_CONVERSION = YES;
				CLANG_WARN_NON_LITERAL_NULL_CONVERSION = YES;
				CLANG_WARN_OBJC_IMPLICIT_RETAIN_SELF = YES;
				CLANG_WARN_OBJC_LITERAL_CONVERSION = YES;
				CLANG_WARN_OBJC_ROOT_CLASS = YES_ERROR;
				CLANG_WARN_QUOTED_INCLUDE_IN_FRAMEWORK_HEADER = YES;
				CLANG_WARN_RANGE_LOOP_ANALYSIS = YES;
				CLANG_WARN_STRICT_PROTOTYPES = YES;
				CLANG_WARN_SUSPICIOUS_MOVE = YES;
				CLANG_WARN_UNGUARDED_AVAILABILITY = YES_AGGRESSIVE;
				CLANG_WARN_UNREACHABLE_CODE = YES;
				CLANG_WARN__DUPLICATE_METHOD_MATCH = YES;
				COPY_PHASE_STRIP = NO;
				DEBUG_INFORMATION_FORMAT = dwarf;
				ENABLE_STRICT_OBJC_MSGSEND = YES;
				ENABLE_TESTABILITY = YES;
				GCC_C_LANGUAGE_STANDARD = gnu11;
				GCC_DYNAMIC_NO_PIC = NO;
				GCC_NO_COMMON_BLOCKS = YES;
				GCC_OPTIMIZATION_LEVEL = 0;
				GCC_PREPROCESSOR_DEFINITIONS = (
					"DEBUG=1",
					"$(inherited)",
				);
				GCC_WARN_64_TO_32_BIT_CONVERSION = YES;
				GCC_WARN_ABOUT_RETURN_TYPE = YES_ERROR;
				GCC_WARN_UNDECLARED_SELECTOR = YES;
				GCC_WARN_UNINITIALIZED_AUTOS = YES_AGGRESSIVE;
				GCC_WARN_UNUSED_FUNCTION = YES;
				GCC_WARN_UNUSED_VARIABLE = YES;
				IPHONEOS_DEPLOYMENT_TARGET = 14.3;
				MTL_ENABLE_DEBUG_INFO = INCLUDE_SOURCE;
				MTL_FAST_MATH = YES;
				ONLY_ACTIVE_ARCH = YES;
				SDKROOT = iphoneos;
				SWIFT_ACTIVE_COMPILATION_CONDITIONS = DEBUG;
				SWIFT_OPTIMIZATION_LEVEL = "-Onone";
			};
			name = Debug;
		};
		BC552466258F5D6800EECA4E /* Release */ = {
			isa = XCBuildConfiguration;
			buildSettings = {
				ALWAYS_SEARCH_USER_PATHS = NO;
				CLANG_ANALYZER_NONNULL = YES;
				CLANG_ANALYZER_NUMBER_OBJECT_CONVERSION = YES_AGGRESSIVE;
				CLANG_CXX_LANGUAGE_STANDARD = "gnu++14";
				CLANG_CXX_LIBRARY = "libc++";
				CLANG_ENABLE_MODULES = YES;
				CLANG_ENABLE_OBJC_ARC = YES;
				CLANG_ENABLE_OBJC_WEAK = YES;
				CLANG_WARN_BLOCK_CAPTURE_AUTORELEASING = YES;
				CLANG_WARN_BOOL_CONVERSION = YES;
				CLANG_WARN_COMMA = YES;
				CLANG_WARN_CONSTANT_CONVERSION = YES;
				CLANG_WARN_DEPRECATED_OBJC_IMPLEMENTATIONS = YES;
				CLANG_WARN_DIRECT_OBJC_ISA_USAGE = YES_ERROR;
				CLANG_WARN_DOCUMENTATION_COMMENTS = YES;
				CLANG_WARN_EMPTY_BODY = YES;
				CLANG_WARN_ENUM_CONVERSION = YES;
				CLANG_WARN_INFINITE_RECURSION = YES;
				CLANG_WARN_INT_CONVERSION = YES;
				CLANG_WARN_NON_LITERAL_NULL_CONVERSION = YES;
				CLANG_WARN_OBJC_IMPLICIT_RETAIN_SELF = YES;
				CLANG_WARN_OBJC_LITERAL_CONVERSION = YES;
				CLANG_WARN_OBJC_ROOT_CLASS = YES_ERROR;
				CLANG_WARN_QUOTED_INCLUDE_IN_FRAMEWORK_HEADER = YES;
				CLANG_WARN_RANGE_LOOP_ANALYSIS = YES;
				CLANG_WARN_STRICT_PROTOTYPES = YES;
				CLANG_WARN_SUSPICIOUS_MOVE = YES;
				CLANG_WARN_UNGUARDED_AVAILABILITY = YES_AGGRESSIVE;
				CLANG_WARN_UNREACHABLE_CODE = YES;
				CLANG_WARN__DUPLICATE_METHOD_MATCH = YES;
				COPY_PHASE_STRIP = NO;
				DEBUG_INFORMATION_FORMAT = "dwarf-with-dsym";
				ENABLE_NS_ASSERTIONS = NO;
				ENABLE_STRICT_OBJC_MSGSEND = YES;
				GCC_C_LANGUAGE_STANDARD = gnu11;
				GCC_NO_COMMON_BLOCKS = YES;
				GCC_WARN_64_TO_32_BIT_CONVERSION = YES;
				GCC_WARN_ABOUT_RETURN_TYPE = YES_ERROR;
				GCC_WARN_UNDECLARED_SELECTOR = YES;
				GCC_WARN_UNINITIALIZED_AUTOS = YES_AGGRESSIVE;
				GCC_WARN_UNUSED_FUNCTION = YES;
				GCC_WARN_UNUSED_VARIABLE = YES;
				IPHONEOS_DEPLOYMENT_TARGET = 14.3;
				MTL_ENABLE_DEBUG_INFO = NO;
				MTL_FAST_MATH = YES;
				SDKROOT = iphoneos;
				SWIFT_COMPILATION_MODE = wholemodule;
				SWIFT_OPTIMIZATION_LEVEL = "-O";
				VALIDATE_PRODUCT = YES;
			};
			name = Release;
		};
		BC552468258F5D6800EECA4E /* Debug */ = {
			isa = XCBuildConfiguration;
			buildSettings = {
				ASSETCATALOG_COMPILER_APPICON_NAME = AppIcon;
				ASSETCATALOG_COMPILER_GLOBAL_ACCENT_COLOR_NAME = AccentColor;
				CODE_SIGN_STYLE = Automatic;
				DEVELOPMENT_TEAM = 44GHJSCDQ6;
				INFOPLIST_FILE = XCTestDemo/Info.plist;
				LD_RUNPATH_SEARCH_PATHS = (
					"$(inherited)",
					"@executable_path/Frameworks",
				);
				PRODUCT_BUNDLE_IDENTIFIER = GJ.XCTestDemo;
				PRODUCT_NAME = "$(TARGET_NAME)";
				SWIFT_VERSION = 5.0;
				TARGETED_DEVICE_FAMILY = "1,2";
			};
			name = Debug;
		};
		BC552469258F5D6800EECA4E /* Release */ = {
			isa = XCBuildConfiguration;
			buildSettings = {
				ASSETCATALOG_COMPILER_APPICON_NAME = AppIcon;
				ASSETCATALOG_COMPILER_GLOBAL_ACCENT_COLOR_NAME = AccentColor;
				CODE_SIGN_STYLE = Automatic;
				DEVELOPMENT_TEAM = 44GHJSCDQ6;
				INFOPLIST_FILE = XCTestDemo/Info.plist;
				LD_RUNPATH_SEARCH_PATHS = (
					"$(inherited)",
					"@executable_path/Frameworks",
				);
				PRODUCT_BUNDLE_IDENTIFIER = GJ.XCTestDemo;
				PRODUCT_NAME = "$(TARGET_NAME)";
				SWIFT_VERSION = 5.0;
				TARGETED_DEVICE_FAMILY = "1,2";
			};
			name = Release;
		};
		BC55246B258F5D6800EECA4E /* Debug */ = {
			isa = XCBuildConfiguration;
			buildSettings = {
				ALWAYS_EMBED_SWIFT_STANDARD_LIBRARIES = YES;
				BUNDLE_LOADER = "$(TEST_HOST)";
				CODE_SIGN_STYLE = Automatic;
				DEVELOPMENT_TEAM = 44GHJSCDQ6;
				INFOPLIST_FILE = XCTestDemoTests/Info.plist;
				IPHONEOS_DEPLOYMENT_TARGET = 14.3;
				LD_RUNPATH_SEARCH_PATHS = (
					"$(inherited)",
					"@executable_path/Frameworks",
					"@loader_path/Frameworks",
				);
				PRODUCT_BUNDLE_IDENTIFIER = GJ.XCTestDemoTests;
				PRODUCT_NAME = "$(TARGET_NAME)";
				SWIFT_VERSION = 5.0;
				TARGETED_DEVICE_FAMILY = "1,2";
				TEST_HOST = "$(BUILT_PRODUCTS_DIR)/XCTestDemo.app/XCTestDemo";
			};
			name = Debug;
		};
		BC55246C258F5D6800EECA4E /* Release */ = {
			isa = XCBuildConfiguration;
			buildSettings = {
				ALWAYS_EMBED_SWIFT_STANDARD_LIBRARIES = YES;
				BUNDLE_LOADER = "$(TEST_HOST)";
				CODE_SIGN_STYLE = Automatic;
				DEVELOPMENT_TEAM = 44GHJSCDQ6;
				INFOPLIST_FILE = XCTestDemoTests/Info.plist;
				IPHONEOS_DEPLOYMENT_TARGET = 14.3;
				LD_RUNPATH_SEARCH_PATHS = (
					"$(inherited)",
					"@executable_path/Frameworks",
					"@loader_path/Frameworks",
				);
				PRODUCT_BUNDLE_IDENTIFIER = GJ.XCTestDemoTests;
				PRODUCT_NAME = "$(TARGET_NAME)";
				SWIFT_VERSION = 5.0;
				TARGETED_DEVICE_FAMILY = "1,2";
				TEST_HOST = "$(BUILT_PRODUCTS_DIR)/XCTestDemo.app/XCTestDemo";
			};
			name = Release;
		};
		BC55246E258F5D6800EECA4E /* Debug */ = {
			isa = XCBuildConfiguration;
			buildSettings = {
				ALWAYS_EMBED_SWIFT_STANDARD_LIBRARIES = YES;
				CODE_SIGN_STYLE = Automatic;
				DEVELOPMENT_TEAM = 44GHJSCDQ6;
				INFOPLIST_FILE = XCTestDemoUITests/Info.plist;
				LD_RUNPATH_SEARCH_PATHS = (
					"$(inherited)",
					"@executable_path/Frameworks",
					"@loader_path/Frameworks",
				);
				PRODUCT_BUNDLE_IDENTIFIER = GJ.XCTestDemoUITests;
				PRODUCT_NAME = "$(TARGET_NAME)";
				SWIFT_VERSION = 5.0;
				TARGETED_DEVICE_FAMILY = "1,2";
				TEST_TARGET_NAME = XCTestDemo;
			};
			name = Debug;
		};
		BC55246F258F5D6800EECA4E /* Release */ = {
			isa = XCBuildConfiguration;
			buildSettings = {
				ALWAYS_EMBED_SWIFT_STANDARD_LIBRARIES = YES;
				CODE_SIGN_STYLE = Automatic;
				DEVELOPMENT_TEAM = 44GHJSCDQ6;
				INFOPLIST_FILE = XCTestDemoUITests/Info.plist;
				LD_RUNPATH_SEARCH_PATHS = (
					"$(inherited)",
					"@executable_path/Frameworks",
					"@loader_path/Frameworks",
				);
				PRODUCT_BUNDLE_IDENTIFIER = GJ.XCTestDemoUITests;
				PRODUCT_NAME = "$(TARGET_NAME)";
				SWIFT_VERSION = 5.0;
				TARGETED_DEVICE_FAMILY = "1,2";
				TEST_TARGET_NAME = XCTestDemo;
			};
			name = Release;
		};
/* End XCBuildConfiguration section */

/* Begin XCConfigurationList section */
		BC552438258F5D6500EECA4E /* Build configuration list for PBXProject "XCTestDemo" */ = {
			isa = XCConfigurationList;
			buildConfigurations = (
				BC552465258F5D6800EECA4E /* Debug */,
				BC552466258F5D6800EECA4E /* Release */,
			);
			defaultConfigurationIsVisible = 0;
			defaultConfigurationName = Release;
		};
		BC552467258F5D6800EECA4E /* Build configuration list for PBXNativeTarget "XCTestDemo" */ = {
			isa = XCConfigurationList;
			buildConfigurations = (
				BC552468258F5D6800EECA4E /* Debug */,
				BC552469258F5D6800EECA4E /* Release */,
			);
			defaultConfigurationIsVisible = 0;
			defaultConfigurationName = Release;
		};
		BC55246A258F5D6800EECA4E /* Build configuration list for PBXNativeTarget "XCTestDemoTests" */ = {
			isa = XCConfigurationList;
			buildConfigurations = (
				BC55246B258F5D6800EECA4E /* Debug */,
				BC55246C258F5D6800EECA4E /* Release */,
			);
			defaultConfigurationIsVisible = 0;
			defaultConfigurationName = Release;
		};
		BC55246D258F5D6800EECA4E /* Build configuration list for PBXNativeTarget "XCTestDemoUITests" */ = {
			isa = XCConfigurationList;
			buildConfigurations = (
				BC55246E258F5D6800EECA4E /* Debug */,
				BC55246F258F5D6800EECA4E /* Release */,
			);
			defaultConfigurationIsVisible = 0;
			defaultConfigurationName = Release;
		};
/* End XCConfigurationList section */
	};
	rootObject = BC552435258F5D6500EECA4E /* Project object */;
}
